lockfileVersion: '9.0'

settings:
  autoInstallPeers: true
  excludeLinksFromLockfile: false

importers:

  .:
    devDependencies:
      turbo:
        specifier: ^2.5.8
        version: 2.11.6

  games/arc-dash: {}

  games/tentris: {}

packages:

  '@turbo/darwin-64@2.11.6':
    resolution: {integrity: sha512-nAvJwDBgz/cKoSPhB7YOGPFmDEwCRavFjy0jUsrGqR97cLyJqXU2rZC/zTnw+9J3DkB2gfjpolX7mKsBatMcCQ==}
    cpu: [x64]
    os: [darwin]

  '@turbo/darwin-arm64@2.11.6':
    resolution: {integrity: sha512-odk6UHW9hympllPlezz7oJhPmO40+oU8BUh4zvNuSIqQ1QQll4zo1DN4IrD/3jUzkLefvMJ8UHEHlGq9WdR7tw==}
    cpu: [arm64]
    os: [darwin]

  '@turbo/linux-64@2.11.6':
    resolution: {integrity: sha512-PvXbwMqZPEWdWnJSIJ5D/tugnSOrRvLYKkH7iC8TLGVI+4J5znSLn3Tx1YkH5OUzFEFhxJQyHjtiRqBPbCoVlg==}
    cpu: [x64]
    os: [android, linux]

  '@turbo/linux-arm64@2.11.6':
    resolution: {integrity: sha512-8FKA3SqJk6fTv7Hqrmv2JnJfqiXslTRJYBwiI6eU3QXokVMYFLh1wUywF+w3MPtDfx1O/1otbps5AnijbzY1Kg==}
    cpu: [arm64]
    os: [android, linux]

  '@turbo/windows-64@2.11.6':
    resolution: {integrity: sha512-XPSgTg494cV31u0Uch8zRq/Jnpe8h4muwNpg9IRPrJqADrjjzxzFMtJCtBZTKVaSEDUU/ol8Gr4SYxtiHt2Tzg==}
    cpu: [x64]
    os: [win32]

  '@turbo/windows-arm64@2.11.6':
    resolution: {integrity: sha512-dZ0/ZFH2AU/l1KdqISVkWUSnm0ufWZyiYRLDYCL+rJAhkUDMFhTZkSnYEL2O/m0tOu/Jy/EKAnZfocuyMX3LMQ==}
    cpu: [arm64]
    os: [win32]

  turbo@2.11.6:
    resolution: {integrity: sha512-UppAr5XEHLfVdVp75nd+tzPp/wVEwS7Ken9aYjMlBnHqXynKn9IcQHd6GDOXBxDViSjpS+SzJcOF86v9Hf8GfQ==}
    hasBin: true

snapshots:

  '@turbo/darwin-64@2.11.6':
    optional: true

  '@turbo/darwin-arm64@2.11.6':
    optional: true

  '@turbo/linux-64@2.11.6':
    optional: true

  '@turbo/linux-arm64@2.11.6':
    optional: true

  '@turbo/windows-64@2.11.6':
    optional: true

  '@turbo/windows-arm64@2.11.6':
    optional: true

  turbo@2.11.6:
    optionalDependencies:
      '@turbo/darwin-64': 2.11.6
      '@turbo/darwin-arm64': 2.11.6
      '@turbo/linux-64': 2.11.6
      '@turbo/linux-arm64': 2.11.6
      '@turbo/windows-64': 2.11.6
      '@turbo/windows-arm64': 2.11.6
